
Microsoft Visual Studio Solution File, Format Version 12.00
# Visual Studio Version 17
VisualStudioVersion = 17.2.32602.215
MinimumVisualStudioVersion = 10.0.40219.1
Project("{FAE04EC0-301F-11D3-BF4B-00C04F79EFBC}") = "QisWatchdogService", "QisWatchdogService\QisWatchdogService.csproj", "{7A72A8E4-8AC4-4EC5-AE47-7B4483168817}"
EndProject
Global
	GlobalSection(SolutionConfigurationPlatforms) = preSolution
		Debug|Any CPU = Debug|Any CPU
		Release|Any CPU = Release|Any CPU
	EndGlobalSection
	GlobalSection(ProjectConfigurationPlatforms) = postSolution
		{7A72A8E4-8AC4-4EC5-AE47-7B4483168817}.Debug|Any CPU.ActiveCfg = Debug|Any CPU
		{7A72A8E4-8AC4-4EC5-AE47-7B4483168817}.Debug|Any CPU.Build.0 = Debug|Any CPU
		{7A72A8E4-8AC4-4EC5-AE47-7B4483168817}.Release|Any CPU.ActiveCfg = Release|Any CPU
		{7A72A8E4-8AC4-4EC5-AE47-7B4483168817}.Release|Any CPU.Build.0 = Release|Any CPU
	EndGlobalSection
	GlobalSection(SolutionProperties) = preSolution
		HideSolutionNode = FALSE
	EndGlobalSection
	GlobalSection(ExtensibilityGlobals) = postSolution
		SolutionGuid = {AF9854E5-C82E-4C57-B7E2-6D942242898A}
	EndGlobalSection
EndGlobal
